
Microsoft Visual Studio Solution File, Format Version 12.00
# Visual Studio Version 17
VisualStudioVersion = 17.0.31903.59
MinimumVisualStudioVersion = 10.0.40219.1
Project("{2150E333-8FDC-42A3-9474-1A3956D46DE8}") = "src", "src", "{827E0CD3-B72D-47B6-A68D-7590B98EB39B}"
EndProject
Project("{FAE04EC0-301F-11D3-BF4B-00C04F79EFBC}") = "GenericTestingFramework.Core", "src\GenericTestingFramework.Core\GenericTestingFramework.Core.csproj", "{E969C186-04BC-4A96-AD42-E9472C94F8D2}"
EndProject
Project("{FAE04EC0-301F-11D3-BF4B-00C04F79EFBC}") = "GenericTestingFramework.Services", "src\GenericTestingFramework.Services\GenericTestingFramework.Services.csproj", "{376B3C00-40E6-48C8-A057-75AAF41707B8}"
EndProject
Project("{FAE04EC0-301F-11D3-BF4B-00C04F79EFBC}") = "GenericTestingFramework.WebAPI", "src\GenericTestingFramework.WebAPI\GenericTestingFramework.WebAPI.csproj", "{656E2F14-106E-41C3-87C5-6009A3032BD7}"
EndProject
Project("{FAE04EC0-301F-11D3-BF4B-00C04F79EFBC}") = "GenericTestingFramework.Console", "src\GenericTestingFramework.Console\GenericTestingFramework.Console.csproj", "{CF465315-73E6-4988-AD79-2213725B3FB4}"
EndProject
Project("{2150E333-8FDC-42A3-9474-1A3956D46DE8}") = "tests", "tests", "{0AB3BF05-4346-4AA6-1389-037BE0695223}"
EndProject
Project("{FAE04EC0-301F-11D3-BF4B-00C04F79EFBC}") = "GenericTestingFramework.Tests.Unit", "tests\GenericTestingFramework.Tests.Unit\GenericTestingFramework.Tests.Unit.csproj", "{A13B8774-4B2E-4DA1-9DBC-B9DD06084FC5}"
EndProject
Project("{FAE04EC0-301F-11D3-BF4B-00C04F79EFBC}") = "GenericTestingFramework.Tests.Integration", "tests\GenericTestingFramework.Tests.Integration\GenericTestingFramework.Tests.Integration.csproj", "{09198389-8009-4D5A-8458-F6F70BA2D572}"
EndProject
Global
	GlobalSection(SolutionConfigurationPlatforms) = preSolution
		Debug|Any CPU = Debug|Any CPU
		Debug|x64 = Debug|x64
		Debug|x86 = Debug|x86
		Release|Any CPU = Release|Any CPU
		Release|x64 = Release|x64
		Release|x86 = Release|x86
	EndGlobalSection
	GlobalSection(ProjectConfigurationPlatforms) = postSolution
		{E969C186-04BC-4A96-AD42-E9472C94F8D2}.Debug|Any CPU.ActiveCfg = Debug|Any CPU
		{E969C186-04BC-4A96-AD42-E9472C94F8D2}.Debug|Any CPU.Build.0 = Debug|Any CPU
		{E969C186-04BC-4A96-AD42-E9472C94F8D2}.Debug|x64.ActiveCfg = Debug|Any CPU
		{E969C186-04BC-4A96-AD42-E9472C94F8D2}.Debug|x64.Build.0 = Debug|Any CPU
		{E969C186-04BC-4A96-AD42-E9472C94F8D2}.Debug|x86.ActiveCfg = Debug|Any CPU
		{E969C186-04BC-4A96-AD42-E9472C94F8D2}.Debug|x86.Build.0 = Debug|Any CPU
		{E969C186-04BC-4A96-AD42-E9472C94F8D2}.Release|Any CPU.ActiveCfg = Release|Any CPU
		{E969C186-04BC-4A96-AD42-E9472C94F8D2}.Release|Any CPU.Build.0 = Release|Any CPU
		{E969C186-04BC-4A96-AD42-E9472C94F8D2}.Release|x64.ActiveCfg = Release|Any CPU
		{E969C186-04BC-4A96-AD42-E9472C94F8D2}.Release|x64.Build.0 = Release|Any CPU
		{E969C186-04BC-4A96-AD42-E9472C94F8D2}.Release|x86.ActiveCfg = Release|Any CPU
		{E969C186-04BC-4A96-AD42-E9472C94F8D2}.Release|x86.Build.0 = Release|Any CPU
		{376B3C00-40E6-48C8-A057-75AAF41707B8}.Debug|Any CPU.ActiveCfg = Debug|Any CPU
		{376B3C00-40E6-48C8-A057-75AAF41707B8}.Debug|Any CPU.Build.0 = Debug|Any CPU
		{376B3C00-40E6-48C8-A057-75AAF41707B8}.Debug|x64.ActiveCfg = Debug|Any CPU
		{376B3C00-40E6-48C8-A057-75AAF41707B8}.Debug|x64.Build.0 = Debug|Any CPU
		{376B3C00-40E6-48C8-A057-75AAF41707B8}.Debug|x86.ActiveCfg = Debug|Any CPU
		{376B3C00-40E6-48C8-A057-75AAF41707B8}.Debug|x86.Build.0 = Debug|Any CPU
		{376B3C00-40E6-48C8-A057-75AAF41707B8}.Release|Any CPU.ActiveCfg = Release|Any CPU
		{376B3C00-40E6-48C8-A057-75AAF41707B8}.Release|Any CPU.Build.0 = Release|Any CPU
		{376B3C00-40E6-48C8-A057-75AAF41707B8}.Release|x64.ActiveCfg = Release|Any CPU
		{376B3C00-40E6-48C8-A057-75AAF41707B8}.Release|x64.Build.0 = Release|Any CPU
		{376B3C00-40E6-48C8-A057-75AAF41707B8}.Release|x86.ActiveCfg = Release|Any CPU
		{376B3C00-40E6-48C8-A057-75AAF41707B8}.Release|x86.Build.0 = Release|Any CPU
		{656E2F14-106E-41C3-87C5-6009A3032BD7}.Debug|Any CPU.ActiveCfg = Debug|Any CPU
		{656E2F14-106E-41C3-87C5-6009A3032BD7}.Debug|Any CPU.Build.0 = Debug|Any CPU
		{656E2F14-106E-41C3-87C5-6009A3032BD7}.Debug|x64.ActiveCfg = Debug|Any CPU
		{656E2F14-106E-41C3-87C5-6009A3032BD7}.Debug|x64.Build.0 = Debug|Any CPU
		{656E2F14-106E-41C3-87C5-6009A3032BD7}.Debug|x86.ActiveCfg = Debug|Any CPU
		{656E2F14-106E-41C3-87C5-6009A3032BD7}.Debug|x86.Build.0 = Debug|Any CPU
		{656E2F14-106E-41C3-87C5-6009A3032BD7}.Release|Any CPU.ActiveCfg = Release|Any CPU
		{656E2F14-106E-41C3-87C5-6009A3032BD7}.Release|Any CPU.Build.0 = Release|Any CPU
		{656E2F14-106E-41C3-87C5-6009A3032BD7}.Release|x64.ActiveCfg = Release|Any CPU
		{656E2F14-106E-41C3-87C5-6009A3032BD7}.Release|x64.Build.0 = Release|Any CPU
		{656E2F14-106E-41C3-87C5-6009A3032BD7}.Release|x86.ActiveCfg = Release|Any CPU
		{656E2F14-106E-41C3-87C5-6009A3032BD7}.Release|x86.Build.0 = Release|Any CPU
		{CF465315-73E6-4988-AD79-2213725B3FB4}.Debug|Any CPU.ActiveCfg = Debug|Any CPU
		{CF465315-73E6-4988-AD79-2213725B3FB4}.Debug|Any CPU.Build.0 = Debug|Any CPU
		{CF465315-73E6-4988-AD79-2213725B3FB4}.Debug|x64.ActiveCfg = Debug|Any CPU
		{CF465315-73E6-4988-AD79-2213725B3FB4}.Debug|x64.Build.0 = Debug|Any CPU
		{CF465315-73E6-4988-AD79-2213725B3FB4}.Debug|x86.ActiveCfg = Debug|Any CPU
		{CF465315-73E6-4988-AD79-2213725B3FB4}.Debug|x86.Build.0 = Debug|Any CPU
		{CF465315-73E6-4988-AD79-2213725B3FB4}.Release|Any CPU.ActiveCfg = Release|Any CPU
		{CF465315-73E6-4988-AD79-2213725B3FB4}.Release|Any CPU.Build.0 = Release|Any CPU
		{CF465315-73E6-4988-AD79-2213725B3FB4}.Release|x64.ActiveCfg = Release|Any CPU
		{CF465315-73E6-4988-AD79-2213725B3FB4}.Release|x64.Build.0 = Release|Any CPU
		{CF465315-73E6-4988-AD79-2213725B3FB4}.Release|x86.ActiveCfg = Release|Any CPU
		{CF465315-73E6-4988-AD79-2213725B3FB4}.Release|x86.Build.0 = Release|Any CPU
		{A13B8774-4B2E-4DA1-9DBC-B9DD06084FC5}.Debug|Any CPU.ActiveCfg = Debug|Any CPU
		{A13B8774-4B2E-4DA1-9DBC-B9DD06084FC5}.Debug|Any CPU.Build.0 = Debug|Any CPU
		{A13B8774-4B2E-4DA1-9DBC-B9DD06084FC5}.Debug|x64.ActiveCfg = Debug|Any CPU
		{A13B8774-4B2E-4DA1-9DBC-B9DD06084FC5}.Debug|x64.Build.0 = Debug|Any CPU
		{A13B8774-4B2E-4DA1-9DBC-B9DD06084FC5}.Debug|x86.ActiveCfg = Debug|Any CPU
		{A13B8774-4B2E-4DA1-9DBC-B9DD06084FC5}.Debug|x86.Build.0 = Debug|Any CPU
		{A13B8774-4B2E-4DA1-9DBC-B9DD06084FC5}.Release|Any CPU.ActiveCfg = Release|Any CPU
		{A13B8774-4B2E-4DA1-9DBC-B9DD06084FC5}.Release|Any CPU.Build.0 = Release|Any CPU
		{A13B8774-4B2E-4DA1-9DBC-B9DD06084FC5}.Release|x64.ActiveCfg = Release|Any CPU
		{A13B8774-4B2E-4DA1-9DBC-B9DD06084FC5}.Release|x64.Build.0 = Release|Any CPU
		{A13B8774-4B2E-4DA1-9DBC-B9DD06084FC5}.Release|x86.ActiveCfg = Release|Any CPU
		{A13B8774-4B2E-4DA1-9DBC-B9DD06084FC5}.Release|x86.Build.0 = Release|Any CPU
		{09198389-8009-4D5A-8458-F6F70BA2D572}.Debug|Any CPU.ActiveCfg = Debug|Any CPU
		{09198389-8009-4D5A-8458-F6F70BA2D572}.Debug|Any CPU.Build.0 = Debug|Any CPU
		{09198389-8009-4D5A-8458-F6F70BA2D572}.Debug|x64.ActiveCfg = Debug|Any CPU
		{09198389-8009-4D5A-8458-F6F70BA2D572}.Debug|x64.Build.0 = Debug|Any CPU
		{09198389-8009-4D5A-8458-F6F70BA2D572}.Debug|x86.ActiveCfg = Debug|Any CPU
		{09198389-8009-4D5A-8458-F6F70BA2D572}.Debug|x86.Build.0 = Debug|Any CPU
		{09198389-8009-4D5A-8458-F6F70BA2D572}.Release|Any CPU.ActiveCfg = Release|Any CPU
		{09198389-8009-4D5A-8458-F6F70BA2D572}.Release|Any CPU.Build.0 = Release|Any CPU
		{09198389-8009-4D5A-8458-F6F70BA2D572}.Release|x64.ActiveCfg = Release|Any CPU
		{09198389-8009-4D5A-8458-F6F70BA2D572}.Release|x64.Build.0 = Release|Any CPU
		{09198389-8009-4D5A-8458-F6F70BA2D572}.Release|x86.ActiveCfg = Release|Any CPU
		{09198389-8009-4D5A-8458-F6F70BA2D572}.Release|x86.Build.0 = Release|Any CPU
	EndGlobalSection
	GlobalSection(SolutionProperties) = preSolution
		HideSolutionNode = FALSE
	EndGlobalSection
	GlobalSection(NestedProjects) = preSolution
		{E969C186-04BC-4A96-AD42-E9472C94F8D2} = {827E0CD3-B72D-47B6-A68D-7590B98EB39B}
		{376B3C00-40E6-48C8-A057-75AAF41707B8} = {827E0CD3-B72D-47B6-A68D-7590B98EB39B}
		{656E2F14-106E-41C3-87C5-6009A3032BD7} = {827E0CD3-B72D-47B6-A68D-7590B98EB39B}
		{CF465315-73E6-4988-AD79-2213725B3FB4} = {827E0CD3-B72D-47B6-A68D-7590B98EB39B}
		{A13B8774-4B2E-4DA1-9DBC-B9DD06084FC5} = {0AB3BF05-4346-4AA6-1389-037BE0695223}
		{09198389-8009-4D5A-8458-F6F70BA2D572} = {0AB3BF05-4346-4AA6-1389-037BE0695223}
	EndGlobalSection
EndGlobal
